
Microsoft Visual Studio Solution File, Format Version 12.00
# Visual Studio Version 17
VisualStudioVersion = 17.1.32210.238
MinimumVisualStudioVersion = 10.0.40219.1
Project("{9A19103F-16F7-4668-BE54-9A1E7A4F7556}") = "MyClient", "MyClient\MyClient.csproj", "{2B24AF55-7119-4612-A7A3-E4256912D414}"
EndProject
Project("{FAE04EC0-301F-11D3-BF4B-00C04F79EFBC}") = "TestProject1", "TestProject1\TestProject1.csproj", "{632ED6CC-AB95-49E1-A25B-7C8DEE1C6D2F}"
EndProject
Global
	GlobalSection(SolutionConfigurationPlatforms) = preSolution
		Debug|Any CPU = Debug|Any CPU
		Release|Any CPU = Release|Any CPU
	EndGlobalSection
	GlobalSection(ProjectConfigurationPlatforms) = postSolution
		{2B24AF55-7119-4612-A7A3-E4256912D414}.Debug|Any CPU.ActiveCfg = Debug|Any CPU
		{2B24AF55-7119-4612-A7A3-E4256912D414}.Debug|Any CPU.Build.0 = Debug|Any CPU
		{2B24AF55-7119-4612-A7A3-E4256912D414}.Release|Any CPU.ActiveCfg = Release|Any CPU
		{2B24AF55-7119-4612-A7A3-E4256912D414}.Release|Any CPU.Build.0 = Release|Any CPU
		{632ED6CC-AB95-49E1-A25B-7C8DEE1C6D2F}.Debug|Any CPU.ActiveCfg = Debug|Any CPU
		{632ED6CC-AB95-49E1-A25B-7C8DEE1C6D2F}.Debug|Any CPU.Build.0 = Debug|Any CPU
		{632ED6CC-AB95-49E1-A25B-7C8DEE1C6D2F}.Release|Any CPU.ActiveCfg = Release|Any CPU
		{632ED6CC-AB95-49E1-A25B-7C8DEE1C6D2F}.Release|Any CPU.Build.0 = Release|Any CPU
	EndGlobalSection
	GlobalSection(SolutionProperties) = preSolution
		HideSolutionNode = FALSE
	EndGlobalSection
	GlobalSection(ExtensibilityGlobals) = postSolution
		SolutionGuid = {915C9A57-9FCB-4FF5-BC6D-E839C838C484}
	EndGlobalSection
EndGlobal
